{
  "name": "bedrock-energistics-core-api",
  "version": "0.5.0",
  "lockfileVersion": 3,
  "requires": true,
  "packages": {
    "": {
      "name": "bedrock-energistics-core-api",
      "version": "0.5.0",
      "license": "ISC",
      "dependencies": {
        "mcbe-addon-ipc": "file:../../../mcbe-addon-ipc"
      },
      "devDependencies": {
        "@minecraft/server": "=1.15.0"
      },
      "peerDependencies": {
        "@minecraft/server": "^1.15.0"
      }
    },
    "../../../mcbe-addon-ipc": {
      "version": "0.4.0",
      "license": "ISC",
      "devDependencies": {
        "@eslint/js": "^9.9.0",
        "@minecraft/server": "^1.13.0",
        "@types/eslint__js": "^8.42.3",
        "eslint": "^9.9.0",
        "prettier": "^3.3.3",
        "typedoc": "^0.26.5",
        "typescript": "^5.5.4",
        "typescript-eslint": "^8.1.0"
      },
      "peerDependencies": {
        "@minecraft/server": "^1.13.0"
      }
    },
    "node_modules/@minecraft/common": {
      "version": "1.2.0",
      "dev": true,
      "license": "MIT"
    },
    "node_modules/@minecraft/server": {
      "version": "1.15.0",
      "dev": true,
      "license": "MIT",
      "dependencies": {
        "@minecraft/common": "^1.1.0"
      }
    },
    "node_modules/mcbe-addon-ipc": {
      "resolved": "../../../mcbe-addon-ipc",
      "link": true
    }
  }
}
