{
  "name": "bedrock-energistics-core-api",
  "version": "0.10.0",
  "lockfileVersion": 3,
  "requires": true,
  "packages": {
    "": {
      "name": "bedrock-energistics-core-api",
      "version": "0.10.0",
      "license": "ISC",
      "dependencies": {
        "@minecraft/math": "^2.4.0",
        "mcbe-addon-ipc": "^0.9.0"
      },
      "devDependencies": {
        "@minecraft/server": "2.8.0",
        "@minecraft/vanilla-data": "1.26.30"
      },
      "peerDependencies": {
        "@minecraft/server": "^2.8.0",
        "@minecraft/vanilla-data": ">=1.26.30"
      }
    },
    "node_modules/@minecraft/common": {
      "version": "1.2.0",
      "license": "MIT",
      "peer": true
    },
    "node_modules/@minecraft/math": {
      "version": "2.4.0",
      "resolved": "https://registry.npmjs.org/@minecraft/math/-/math-2.4.0.tgz",
      "integrity": "sha512-/sMeFLKgmAUw491RUH6+yMmeJpvKy3oeWpkvX17OQjSC7Px9AgkJI6ESLmGSwPTsSm8L3EMJ4Sz6n6crtcYd/A==",
      "license": "MIT",
      "peerDependencies": {
        "@minecraft/server": "^1.15.0 || ^2.0.0"
      }
    },
    "node_modules/@minecraft/server": {
      "version": "2.8.0",
      "resolved": "https://registry.npmjs.org/@minecraft/server/-/server-2.8.0.tgz",
      "integrity": "sha512-5VPlToP3IihUWrLHQJdNPSq++vPYnB+IZUVdO6kJ/VWVE29pN230f9SiCD28XU+Ujfh/EdjU3anktXG77pjWLA==",
      "license": "MIT",
      "peerDependencies": {
        "@minecraft/common": "^1.2.0",
        "@minecraft/vanilla-data": ">=1.20.70"
      }
    },
    "node_modules/@minecraft/vanilla-data": {
      "version": "1.26.30",
      "resolved": "https://registry.npmjs.org/@minecraft/vanilla-data/-/vanilla-data-1.26.30.tgz",
      "integrity": "sha512-fuLY09TsvwRk+7+J6YRujNZT+hyve9qmPK9QUwzpx1DCT2hplVxjWVI/T+Eh03jaNLqWJwGFLLyGbKRW9S3qvA==",
      "license": "MIT"
    },
    "node_modules/mcbe-addon-ipc": {
      "version": "0.9.0",
      "resolved": "https://registry.npmjs.org/mcbe-addon-ipc/-/mcbe-addon-ipc-0.9.0.tgz",
      "integrity": "sha512-2vZga0KPfy7I93YFQLkYZ+kyZBML6ixmN01aSX5yvqTTKDJrEOJIOV9HB2ilVgadnM4+NJhG9sCeamwV2RxzFg==",
      "license": "ISC",
      "peerDependencies": {
        "@minecraft/server": "^2.0.0"
      }
    }
  }
}
